# This file is automatically @generated by Poetry 1.8.3 and should not be changed by hand.

[[package]]
name = "asn1crypto"
version = "1.5.1"
description = "Fast ASN.1 parser and serializer with definitions for private keys, public keys, certificates, CRL, OCSP, CMS, PKCS#3, PKCS#7, PKCS#8, PKCS#12, PKCS#5, X.509 and TSP"
optional = false
python-versions = "*"
files = [
    {file = "asn1crypto-1.5.1-py2.py3-none-any.whl", hash = "sha256:db4e40728b728508912cbb3d44f19ce188f218e9eba635821bb4b68564f8fd67"},
    {file = "asn1crypto-1.5.1.tar.gz", hash = "sha256:13ae38502be632115abf8a24cbe5f4da52e3b5231990aff31123c805306ccb9c"},
]

[[package]]
name = "base58"
version = "2.1.1"
description = "Base58 and Base58Check implementation."
optional = false
python-versions = ">=3.5"
files = [
    {file = "base58-2.1.1-py3-none-any.whl", hash = "sha256:11a36f4d3ce51dfc1043f3218591ac4eb1ceb172919cebe05b52a5bcc8d245c2"},
    {file = "base58-2.1.1.tar.gz", hash = "sha256:c5d0cb3f5b6e81e8e35da5754388ddcc6d0d14b6c6a132cb93d69ed580a7278c"},
]

[package.extras]
tests = ["PyHamcrest (>=2.0.2)", "mypy", "pytest (>=4.6)", "pytest-benchmark", "pytest-cov", "pytest-flake8"]

[[package]]
name = "bitarray"
version = "2.9.2"
description = "efficient arrays of booleans -- C extension"
optional = false
python-versions = "*"
files = [
    {file = "bitarray-2.9.2-cp310-cp310-macosx_10_9_universal2.whl", hash = "sha256:917905de565d9576eb20f53c797c15ba88b9f4f19728acabec8d01eee1d3756a"},
    {file = "bitarray-2.9.2-cp310-cp310-macosx_10_9_x86_64.whl", hash = "sha256:b35bfcb08b7693ab4bf9059111a6e9f14e07d57ac93cd967c420db58ab9b71e1"},
    {file = "bitarray-2.9.2-cp310-cp310-macosx_11_0_arm64.whl", hash = "sha256:ea1923d2e7880f9e1959e035da661767b5a2e16a45dfd57d6aa831e8b65ee1bf"},
    {file = "bitarray-2.9.2-cp310-cp310-manylinux_2_17_aarch64.manylinux2014_aarch64.whl", hash = "sha256:1e0b63a565e8a311cc8348ff1262d5784df0f79d64031d546411afd5dd7ef67d"},
    {file = "bitarray-2.9.2-cp310-cp310-manylinux_2_17_ppc64le.manylinux2014_ppc64le.whl", hash = "sha256:cf0620da2b81946d28c0b16f3e3704d38e9837d85ee4f0652816e2609aaa4fed"},
    {file = "bitarray-2.9.2-cp310-cp310-manylinux_2_17_s390x.manylinux2014_s390x.whl", hash = "sha256:79a9b8b05f2876c7195a2b698c47528e86a73c61ea203394ff8e7a4434bda5c8"},
    {file = "bitarray-2.9.2-cp310-cp310-manylinux_2_17_x86_64.manylinux2014_x86_64.whl", hash = "sha256:345c76b349ff145549652436235c5532e5bfe9db690db6f0a6ad301c62b9ef21"},
    {file = "bitarray-2.9.2-cp310-cp310-manylinux_2_5_i686.manylinux1_i686.manylinux_2_17_i686.manylinux2014_i686.whl", hash = "sha256:4e2936f090bf3f4d1771f44f9077ebccdbc0415d2b598d51a969afcb519df505"},
    {file = "bitarray-2.9.2-cp310-cp310-musllinux_1_1_aarch64.whl", hash = "sha256:f9346e98fc2abcef90b942973087e2462af6d3e3710e82938078d3493f7fef52"},
    {file = "bitarray-2.9.2-cp310-cp310-musllinux_1_1_i686.whl", hash = "sha256:e6ec283d4741befb86e8c3ea2e9ac1d17416c956d392107e45263e736954b1f7"},
    {file = "bitarray-2.9.2-cp310-cp310-musllinux_1_1_ppc64le.whl", hash = "sha256:962892646599529917ef26266091e4cb3077c88b93c3833a909d68dcc971c4e3"},
    {file = "bitarray-2.9.2-cp310-cp310-musllinux_1_1_s390x.whl", hash = "sha256:e8da5355d7d75a52df5b84750989e34e39919ec7e59fafc4c104cc1607ab2d31"},
    {file = "bitarray-2.9.2-cp310-cp310-musllinux_1_1_x86_64.whl", hash = "sha256:603e7d640e54ad764d2b4da6b61e126259af84f253a20f512dd10689566e5478"},
    {file = "bitarray-2.9.2-cp310-cp310-win32.whl", hash = "sha256:f00079f8e69d75c2a417de7961a77612bb77ef46c09bc74607d86de4740771ef"},
    {file = "bitarray-2.9.2-cp310-cp310-win_amd64.whl", hash = "sha256:1bb33673e7f7190a65f0a940c1ef63266abdb391f4a3e544a47542d40a81f536"},
    {file = "bitarray-2.9.2-cp311-cp311-macosx_10_9_universal2.whl", hash = "sha256:fe71fd4b76380c2772f96f1e53a524da7063645d647a4fcd3b651bdd80ca0f2e"},
    {file = "bitarray-2.9.2-cp311-cp311-macosx_10_9_x86_64.whl", hash = "sha256:d527172919cdea1e13994a66d9708a80c3d33dedcf2f0548e4925e600fef3a3a"},
    {file = "bitarray-2.9.2-cp311-cp311-macosx_11_0_arm64.whl", hash = "sha256:052c5073bdcaa9dd10628d99d37a2f33ec09364b86dd1f6281e2d9f8d3db3060"},
    {file = "bitarray-2.9.2-cp311-cp311-manylinux_2_17_aarch64.manylinux2014_aarch64.whl", hash = "sha256:e064caa55a6ed493aca1eda06f8b3f689778bc780a75e6ad7724642ba5dc62f7"},
    {file = "bitarray-2.9.2-cp311-cp311-manylinux_2_17_ppc64le.manylinux2014_ppc64le.whl", hash = "sha256:508069a04f658210fdeee85a7a0ca84db4bcc110cbb1d21f692caa13210f24a7"},
    {file = "bitarray-2.9.2-cp311-cp311-manylinux_2_17_s390x.manylinux2014_s390x.whl", hash = "sha256:4da73ebd537d75fa7bccfc2228fcaedea0803f21dd9d0bf0d3b67fef3c4af294"},
    {file = "bitarray-2.9.2-cp311-cp311-manylinux_2_17_x86_64.manylinux2014_x86_64.whl", hash = "sha256:5cb378eaa65cd43098f11ff5d27e48ee3b956d2c00d2d6b5bfc2a09fe183be47"},
    {file = "bitarray-2.9.2-cp311-cp311-manylinux_2_5_i686.manylinux1_i686.manylinux_2_17_i686.manylinux2014_i686.whl", hash = "sha256:d14c790b91f6cbcd9b718f88ed737c78939980c69ac8c7f03dd7e60040c12951"},
    {file = "bitarray-2.9.2-cp311-cp311-musllinux_1_1_aarch64.whl", hash = "sha256:7eea9318293bc0ea6447e9ebfba600a62f3428bea7e9c6d42170ae4f481dbab3"},
    {file = "bitarray-2.9.2-cp311-cp311-musllinux_1_1_i686.whl", hash = "sha256:b76ffec27c7450b8a334f967366a9ebadaea66ee43f5b530c12861b1a991f503"},
    {file = "bitarray-2.9.2-cp311-cp311-musllinux_1_1_ppc64le.whl", hash = "sha256:76b76a07d4ee611405045c6950a1e24c4362b6b44808d4ad6eea75e0dbc59af4"},
    {file = "bitarray-2.9.2-cp311-cp311-musllinux_1_1_s390x.whl", hash = "sha256:c7d16beeaaab15b075990cd26963d6b5b22e8c5becd131781514a00b8bdd04bd"},
    {file = "bitarray-2.9.2-cp311-cp311-musllinux_1_1_x86_64.whl", hash = "sha256:60df43e868a615c7e15117a1e1c2e5e11f48f6457280eba6ddf8fbefbec7da99"},
    {file = "bitarray-2.9.2-cp311-cp311-win32.whl", hash = "sha256:e788608ed7767b7b3bbde6d49058bccdf94df0de9ca75d13aa99020cc7e68095"},
    {file = "bitarray-2.9.2-cp311-cp311-win_amd64.whl", hash = "sha256:a23397da092ef0a8cfe729571da64c2fc30ac18243caa82ac7c4f965087506ff"},
    {file = "bitarray-2.9.2-cp312-cp312-macosx_10_9_universal2.whl", hash = "sha256:90e3a281ffe3897991091b7c46fca38c2675bfd4399ffe79dfeded6c52715436"},
    {file = "bitarray-2.9.2-cp312-cp312-macosx_10_9_x86_64.whl", hash = "sha256:bed637b674db5e6c8a97a4a321e3e4d73e72d50b5c6b29950008a93069cc64cd"},
    {file = "bitarray-2.9.2-cp312-cp312-macosx_11_0_arm64.whl", hash = "sha256:e49066d251dbbe4e6e3a5c3937d85b589e40e2669ad0eef41a00f82ec17d844b"},
    {file = "bitarray-2.9.2-cp312-cp312-manylinux_2_17_aarch64.manylinux2014_aarch64.whl", hash = "sha256:3c4344e96642e2211fb3a50558feff682c31563a4c64529a931769d40832ca79"},
    {file = "bitarray-2.9.2-cp312-cp312-manylinux_2_17_ppc64le.manylinux2014_ppc64le.whl", hash = "sha256:aeb60962ec4813c539a59fbd4f383509c7222b62c3fb1faa76b54943a613e33a"},
    {file = "bitarray-2.9.2-cp312-cp312-manylinux_2_17_s390x.manylinux2014_s390x.whl", hash = "sha256:ed0f7982f10581bb16553719e5e8f933e003f5b22f7d25a68bdb30fac630a6ff"},
    {file = "bitarray-2.9.2-cp312-cp312-manylinux_2_17_x86_64.manylinux2014_x86_64.whl", hash = "sha256:c71d1cabdeee0cdda4669168618f0e46b7dace207b29da7b63aaa1adc2b54081"},
    {file = "bitarray-2.9.2-cp312-cp312-manylinux_2_5_i686.manylinux1_i686.manylinux_2_17_i686.manylinux2014_i686.whl", hash = "sha256:b0ef2d0a6f1502d38d911d25609b44c6cc27bee0a4363dd295df78b075041b60"},
    {file = "bitarray-2.9.2-cp312-cp312-musllinux_1_1_aarch64.whl", hash = "sha256:6f71d92f533770fb027388b35b6e11988ab89242b883f48a6fe7202d238c61f8"},
    {file = "bitarray-2.9.2-cp312-cp312-musllinux_1_1_i686.whl", hash = "sha256:ba0734aa300757c924f3faf8148e1b8c247176a0ac8e16aefdf9c1eb19e868f7"},
    {file = "bitarray-2.9.2-cp312-cp312-musllinux_1_1_ppc64le.whl", hash = "sha256:d91406f413ccbf4af6ab5ae7bc78f772a95609f9ddd14123db36ef8c37116d95"},
    {file = "bitarray-2.9.2-cp312-cp312-musllinux_1_1_s390x.whl", hash = "sha256:87abb7f80c0a042f3fe8e5264da1a2756267450bb602110d5327b8eaff7682e7"},
    {file = "bitarray-2.9.2-cp312-cp312-musllinux_1_1_x86_64.whl", hash = "sha256:4b558ce85579b51a2e38703877d1e93b7728a7af664dd45a34e833534f0b755d"},
    {file = "bitarray-2.9.2-cp312-cp312-win32.whl", hash = "sha256:dac2399ee2889fbdd3472bfc2ede74c34cceb1ccf29a339964281a16eb1d3188"},
    {file = "bitarray-2.9.2-cp312-cp312-win_amd64.whl", hash = "sha256:48a30d718d1a6dfc22a49547450107abe8f4afdf2abdcbe76eb9ed88edc49498"},
    {file = "bitarray-2.9.2-cp36-cp36m-macosx_10_9_x86_64.whl", hash = "sha256:2c6be1b651fad8f3adb7a5aa12c65b612cd9b89530969af941844ae680f7d981"},
    {file = "bitarray-2.9.2-cp36-cp36m-manylinux_2_17_aarch64.manylinux2014_aarch64.whl", hash = "sha256:c5b399ae6ab975257ec359f03b48fc00b1c1cd109471e41903548469b8feae5c"},
    {file = "bitarray-2.9.2-cp36-cp36m-manylinux_2_17_ppc64le.manylinux2014_ppc64le.whl", hash = "sha256:0b3543c8a1cb286ad105f11c25d8d0f712f41c5c55f90be39f0e5a1376c7d0b0"},
    {file = "bitarray-2.9.2-cp36-cp36m-manylinux_2_17_s390x.manylinux2014_s390x.whl", hash = "sha256:03adaacb79e2fb8f483ab3a67665eec53bb3fd0cd5dbd7358741aef124688db3"},
    {file = "bitarray-2.9.2-cp36-cp36m-manylinux_2_17_x86_64.manylinux2014_x86_64.whl", hash = "sha256:9ae5b0657380d2581e13e46864d147a52c1e2bbac9f59b59c576e42fa7d10cf0"},
    {file = "bitarray-2.9.2-cp36-cp36m-manylinux_2_5_i686.manylinux1_i686.manylinux_2_17_i686.manylinux2014_i686.whl", hash = "sha256:7c1f4bf6ea8eb9d7f30808c2e9894237a96650adfecbf5f3643862dc5982f89e"},
    {file = "bitarray-2.9.2-cp36-cp36m-musllinux_1_1_aarch64.whl", hash = "sha256:a8873089be2aa15494c0f81af1209f6e1237d762c5065bc4766c1b84321e1b50"},
    {file = "bitarray-2.9.2-cp36-cp36m-musllinux_1_1_i686.whl", hash = "sha256:677e67f50e2559efc677a4366707070933ad5418b8347a603a49a070890b19bc"},
    {file = "bitarray-2.9.2-cp36-cp36m-musllinux_1_1_ppc64le.whl", hash = "sha256:a620d8ce4ea2f1c73c6b6b1399e14cb68c6915e2be3fad5808c2998ed55b4acf"},
    {file = "bitarray-2.9.2-cp36-cp36m-musllinux_1_1_s390x.whl", hash = "sha256:64115ccabbdbe279c24c367b629c6b1d3da9ed36c7420129e27c338a3971bfee"},
    {file = "bitarray-2.9.2-cp36-cp36m-musllinux_1_1_x86_64.whl", hash = "sha256:5d6fb422772e75385b76ad1c52f45a68bd4efafd8be8d0061c11877be74c4d43"},
    {file = "bitarray-2.9.2-cp36-cp36m-win32.whl", hash = "sha256:852e202875dd6dfd6139ce7ec4e98dac2b17d8d25934dc99900831e81c3adaef"},
    {file = "bitarray-2.9.2-cp36-cp36m-win_amd64.whl", hash = "sha256:7dfefdcb0dc6a3ba9936063cec65a74595571b375beabe18742b3d91d087eefd"},
    {file = "bitarray-2.9.2-cp37-cp37m-macosx_10_9_x86_64.whl", hash = "sha256:b306c4cf66912511422060f7f5e1149c8bdb404f8e00e600561b0749fdd45659"},
    {file = "bitarray-2.9.2-cp37-cp37m-manylinux_2_17_aarch64.manylinux2014_aarch64.whl", hash = "sha256:a09c4f81635408e3387348f415521d4b94198c562c23330f560596a6aaa26eaf"},
    {file = "bitarray-2.9.2-cp37-cp37m-manylinux_2_17_ppc64le.manylinux2014_ppc64le.whl", hash = "sha256:5361413fd2ecfdf44dc8f065177dc6aba97fa80a91b815586cb388763acf7f8d"},
    {file = "bitarray-2.9.2-cp37-cp37m-manylinux_2_17_s390x.manylinux2014_s390x.whl", hash = "sha256:e8a9475d415ef1eaae7942df6f780fa4dcd48fce32825eda591a17abba869299"},
    {file = "bitarray-2.9.2-cp37-cp37m-manylinux_2_17_x86_64.manylinux2014_x86_64.whl", hash = "sha256:c9b87baa7bfff9a5878fcc1bffe49ecde6e647a72a64b39a69cd8a2992a43a34"},
    {file = "bitarray-2.9.2-cp37-cp37m-manylinux_2_5_i686.manylinux1_i686.manylinux_2_17_i686.manylinux2014_i686.whl", hash = "sha256:bb6b86cfdfc503e92cb71c68766a24565359136961642504a7cc9faf936d9c88"},
    {file = "bitarray-2.9.2-cp37-cp37m-musllinux_1_1_aarch64.whl", hash = "sha256:cd56b8ae87ebc71bcacbd73615098e8a8de952ecbb5785b6b4e2b07da8a06e1f"},
    {file = "bitarray-2.9.2-cp37-cp37m-musllinux_1_1_i686.whl", hash = "sha256:3fa909cfd675004aed8b4cc9df352415933656e0155a6209d878b7cb615c787e"},
    {file = "bitarray-2.9.2-cp37-cp37m-musllinux_1_1_ppc64le.whl", hash = "sha256:b069ca9bf728e0c5c5b60e00a89df9af34cc170c695c3bfa3b372d8f40288efb"},
    {file = "bitarray-2.9.2-cp37-cp37m-musllinux_1_1_s390x.whl", hash = "sha256:6067f2f07a7121749858c7daa93c8774325c91590b3e81a299621e347740c2ae"},
    {file = "bitarray-2.9.2-cp37-cp37m-musllinux_1_1_x86_64.whl", hash = "sha256:321841cdad1dd0f58fe62e80e9c9c7531f8ebf8be93f047401e930dc47425b1e"},
    {file = "bitarray-2.9.2-cp37-cp37m-win32.whl", hash = "sha256:54e16e32e60973bb83c315de9975bc1bcfc9bd50bb13001c31da159bc49b0ca1"},
    {file = "bitarray-2.9.2-cp37-cp37m-win_amd64.whl", hash = "sha256:f4dcadb7b8034aa3491ee8f5a69b3d9ba9d7d1e55c3cc1fc45be313e708277f8"},
    {file = "bitarray-2.9.2-cp38-cp38-macosx_10_9_universal2.whl", hash = "sha256:c8919fdbd3bb596b104388b56ae4b266eb28da1f2f7dff2e1f9334a21840fe96"},
    {file = "bitarray-2.9.2-cp38-cp38-macosx_10_9_x86_64.whl", hash = "sha256:eb7a9d8a2e400a1026de341ad48e21670a6261a75b06df162c5c39b0d0e7c8f4"},
    {file = "bitarray-2.9.2-cp38-cp38-macosx_11_0_arm64.whl", hash = "sha256:6ec84668dd7b937874a2b2c293cd14ba84f37be0d196dead852e0ada9815d807"},
    {file = "bitarray-2.9.2-cp38-cp38-manylinux_2_17_aarch64.manylinux2014_aarch64.whl", hash = "sha256:f2de9a31c34e543ae089fd2a5ced01292f725190e379921384f695e2d7184bd3"},
    {file = "bitarray-2.9.2-cp38-cp38-manylinux_2_17_ppc64le.manylinux2014_ppc64le.whl", hash = "sha256:9521f49ae121a17c0a41e5112249e6fa7f6a571245b1118de81fb86e7c1bc1ce"},
    {file = "bitarray-2.9.2-cp38-cp38-manylinux_2_17_s390x.manylinux2014_s390x.whl", hash = "sha256:a6cc6545d6d76542aee3d18c1c9485fb7b9812b8df4ebe52c4535ec42081b48f"},
    {file = "bitarray-2.9.2-cp38-cp38-manylinux_2_17_x86_64.manylinux2014_x86_64.whl", hash = "sha256:856bbe1616425f71c0df5ef2e8755e878d9504d5a531acba58ab4273c52c117a"},
    {file = "bitarray-2.9.2-cp38-cp38-manylinux_2_5_i686.manylinux1_i686.manylinux_2_17_i686.manylinux2014_i686.whl", hash = "sha256:d4bba8042ea6ab331ade91bc435d81ad72fddb098e49108610b0ce7780c14e68"},
    {file = "bitarray-2.9.2-cp38-cp38-musllinux_1_1_aarch64.whl", hash = "sha256:a035da89c959d98afc813e3c62f052690d67cfd55a36592f25d734b70de7d4b0"},
    {file = "bitarray-2.9.2-cp38-cp38-musllinux_1_1_i686.whl", hash = "sha256:6d70b1579da7fb71be5a841a1f965d19aca0ef27f629cfc07d06b09aafd0a333"},
    {file = "bitarray-2.9.2-cp38-cp38-musllinux_1_1_ppc64le.whl", hash = "sha256:405b83bed28efaae6d86b6ab287c75712ead0adbfab2a1075a1b7ab47dad4d62"},
    {file = "bitarray-2.9.2-cp38-cp38-musllinux_1_1_s390x.whl", hash = "sha256:7eb8be687c50da0b397d5e0ab7ca200b5ebb639e79a9f5e285851d1944c94be9"},
    {file = "bitarray-2.9.2-cp38-cp38-musllinux_1_1_x86_64.whl", hash = "sha256:eceb551dfeaf19c609003a69a0cf8264b0efd7abc3791a11dfabf4788daf0d19"},
    {file = "bitarray-2.9.2-cp38-cp38-win32.whl", hash = "sha256:bb198c6ed1edbcdaf3d1fa3c9c9d1cdb7e179a5134ef5ee660b53cdec43b34e7"},
    {file = "bitarray-2.9.2-cp38-cp38-win_amd64.whl", hash = "sha256:648d2f2685590b0103c67a937c2fb9e09bcc8dfb166f0c7c77bd341902a6f5b3"},
    {file = "bitarray-2.9.2-cp39-cp39-macosx_10_9_universal2.whl", hash = "sha256:ea816dc8f8e65841a8bbdd30e921edffeeb6f76efe6a1eb0da147b60d539d1cf"},
    {file = "bitarray-2.9.2-cp39-cp39-macosx_10_9_x86_64.whl", hash = "sha256:4d0e32530f941c41eddfc77600ec89b65184cb909c549336463a738fab3ed285"},
    {file = "bitarray-2.9.2-cp39-cp39-macosx_11_0_arm64.whl", hash = "sha256:4a22266fb416a3b6c258bf7f83c9fe531ba0b755a56986a81ad69dc0f3bcc070"},
    {file = "bitarray-2.9.2-cp39-cp39-manylinux_2_17_aarch64.manylinux2014_aarch64.whl", hash = "sha256:fc6d3e80dd8239850f2604833ff3168b28909c8a9357abfed95632cccd17e3e7"},
    {file = "bitarray-2.9.2-cp39-cp39-manylinux_2_17_ppc64le.manylinux2014_ppc64le.whl", hash = "sha256:f135e804986b12bf14f2cd1eb86674c47dea86c4c5f0fa13c88978876b97ebe6"},
    {file = "bitarray-2.9.2-cp39-cp39-manylinux_2_17_s390x.manylinux2014_s390x.whl", hash = "sha256:87580c7f7d14f7ec401eda7adac1e2a25e95153e9c339872c8ae61b3208819a1"},
    {file = "bitarray-2.9.2-cp39-cp39-manylinux_2_17_x86_64.manylinux2014_x86_64.whl", hash = "sha256:64b433e26993127732ac7b66a7821b2537c3044355798de7c5fcb0af34b8296f"},
    {file = "bitarray-2.9.2-cp39-cp39-manylinux_2_5_i686.manylinux1_i686.manylinux_2_17_i686.manylinux2014_i686.whl", hash = "sha256:1e497c535f2a9b68c69d36631bf2dba243e05eb343b00b9c7bbdc8c601c6802d"},
    {file = "bitarray-2.9.2-cp39-cp39-musllinux_1_1_aarch64.whl", hash = "sha256:e40b3cb9fa1edb4e0175d7c06345c49c7925fe93e39ef55ecb0bc40c906b0c09"},
    {file = "bitarray-2.9.2-cp39-cp39-musllinux_1_1_i686.whl", hash = "sha256:f2f8692f95c9e377eb19ca519d30d1f884b02feb7e115f798de47570a359e43f"},
    {file = "bitarray-2.9.2-cp39-cp39-musllinux_1_1_ppc64le.whl", hash = "sha256:f0b84fc50b6dbeced4fa390688c07c10a73222810fb0e08392bd1a1b8259de36"},
    {file = "bitarray-2.9.2-cp39-cp39-musllinux_1_1_s390x.whl", hash = "sha256:d656ad38c942e38a470ddbce26b5020e08e1a7ea86b8fd413bb9024b5189993a"},
    {file = "bitarray-2.9.2-cp39-cp39-musllinux_1_1_x86_64.whl", hash = "sha256:6ab0f1dbfe5070db98771a56aa14797595acd45a1af9eadfb193851a270e7996"},
    {file = "bitarray-2.9.2-cp39-cp39-win32.whl", hash = "sha256:0a99b23ac845a9ea3157782c97465e6ae026fe0c7c4c1ed1d88f759fd6ea52d9"},
    {file = "bitarray-2.9.2-cp39-cp39-win_amd64.whl", hash = "sha256:9bbcfc7c279e8d74b076e514e669b683f77b4a2a328585b3f16d4c5259c91222"},
    {file = "bitarray-2.9.2-pp310-pypy310_pp73-macosx_10_9_x86_64.whl", hash = "sha256:43847799461d8ba71deb4d97b47250c2c2fb66d82cd3cb8b4caf52bb97c03034"},
    {file = "bitarray-2.9.2-pp310-pypy310_pp73-manylinux_2_17_aarch64.manylinux2014_aarch64.whl", hash = "sha256:f4f44381b0a4bdf64416082f4f0e7140377ae962c0ced6f983c6d7bbfc034040"},
    {file = "bitarray-2.9.2-pp310-pypy310_pp73-manylinux_2_17_x86_64.manylinux2014_x86_64.whl", hash = "sha256:a484061616fb4b158b80789bd3cb511f399d2116525a8b29b6334c68abc2310f"},
    {file = "bitarray-2.9.2-pp310-pypy310_pp73-manylinux_2_5_i686.manylinux1_i686.manylinux_2_17_i686.manylinux2014_i686.whl", hash = "sha256:1ff9e38356cc803e06134cf8ae9758e836ccd1b793135ef3db53c7c5d71e93bc"},
    {file = "bitarray-2.9.2-pp310-pypy310_pp73-win_amd64.whl", hash = "sha256:b44105792fbdcfbda3e26ee88786790fda409da4c71f6c2b73888108cf8f062f"},
    {file = "bitarray-2.9.2-pp37-pypy37_pp73-macosx_10_9_x86_64.whl", hash = "sha256:7e913098de169c7fc890638ce5e171387363eb812579e637c44261460ac00aa2"},
    {file = "bitarray-2.9.2-pp37-pypy37_pp73-manylinux_2_17_aarch64.manylinux2014_aarch64.whl", hash = "sha256:d6fe315355cdfe3ed22ef355b8bdc81a805ca4d0949d921576560e5b227a1112"},
    {file = "bitarray-2.9.2-pp37-pypy37_pp73-manylinux_2_17_x86_64.manylinux2014_x86_64.whl", hash = "sha256:f708e91fdbe443f3bec2df394ed42328fb9b0446dff5cb4199023ac6499e09fd"},
    {file = "bitarray-2.9.2-pp37-pypy37_pp73-manylinux_2_5_i686.manylinux1_i686.manylinux_2_17_i686.manylinux2014_i686.whl", hash = "sha256:5b7b09489b71f9f1f64c0fa0977e250ec24500767dab7383ba9912495849cadf"},
    {file = "bitarray-2.9.2-pp37-pypy37_pp73-win_amd64.whl", hash = "sha256:128cc3488176145b9b137fdcf54c1c201809bbb8dd30b260ee40afe915843b43"},
    {file = "bitarray-2.9.2-pp38-pypy38_pp73-macosx_10_9_x86_64.whl", hash = "sha256:21f21e7f56206be346bdbda2a6bdb2165a5e6a11821f88fd4911c5a6bbbdc7e2"},
    {file = "bitarray-2.9.2-pp38-pypy38_pp73-manylinux_2_17_aarch64.manylinux2014_aarch64.whl", hash = "sha256:5f4dd3af86dd8a617eb6464622fb64ca86e61ce99b59b5c35d8cd33f9c30603d"},
    {file = "bitarray-2.9.2-pp38-pypy38_pp73-manylinux_2_17_x86_64.manylinux2014_x86_64.whl", hash = "sha256:6465de861aff7a2559f226b37982007417eab8c3557543879987f58b453519bd"},
    {file = "bitarray-2.9.2-pp38-pypy38_pp73-manylinux_2_5_i686.manylinux1_i686.manylinux_2_17_i686.manylinux2014_i686.whl", hash = "sha256:dbaf2bb71d6027152d603f1d5f31e0dfd5e50173d06f877bec484e5396d4594b"},
    {file = "bitarray-2.9.2-pp38-pypy38_pp73-win_amd64.whl", hash = "sha256:2f32948c86e0d230a296686db28191b67ed229756f84728847daa0c7ab7406e3"},
    {file = "bitarray-2.9.2-pp39-pypy39_pp73-macosx_10_9_x86_64.whl", hash = "sha256:be94e5a685e60f9d24532af8fe5c268002e9016fa80272a94727f435de3d1003"},
    {file = "bitarray-2.9.2-pp39-pypy39_pp73-manylinux_2_17_aarch64.manylinux2014_aarch64.whl", hash = "sha256:a5cc9381fd54f3c23ae1039f977bfd6d041a5c3c1518104f616643c3a5a73b15"},
    {file = "bitarray-2.9.2-pp39-pypy39_pp73-manylinux_2_17_x86_64.manylinux2014_x86_64.whl", hash = "sha256:cd926e8ae4d1ed1ac4a8f37212a62886292f692bc1739fde98013bf210c2d175"},
    {file = "bitarray-2.9.2-pp39-pypy39_pp73-manylinux_2_5_i686.manylinux1_i686.manylinux_2_17_i686.manylinux2014_i686.whl", hash = "sha256:461a3dafb9d5fda0bb3385dc507d78b1984b49da3fe4c6d56c869a54373b7008"},
    {file = "bitarray-2.9.2-pp39-pypy39_pp73-win_amd64.whl", hash = "sha256:393cb27fd859af5fd9c16eb26b1c59b17b390ff66b3ae5d0dd258270191baf13"},
    {file = "bitarray-2.9.2.tar.gz", hash = "sha256:a8f286a51a32323715d77755ed959f94bef13972e9a2fe71b609e40e6d27957e"},
]

[[package]]
name = "bitstring"
version = "4.2.3"
description = "Simple construction, analysis and modification of binary data."
optional = false
python-versions = ">=3.8"
files = [
    {file = "bitstring-4.2.3-py3-none-any.whl", hash = "sha256:20ed0036e2fcf0323acb0f92f0b7b178516a080f3e91061470aa019ac4ede404"},
    {file = "bitstring-4.2.3.tar.gz", hash = "sha256:e0c447af3fda0d114f77b88c2d199f02f97ee7e957e6d719f40f41cf15fbb897"},
]

[package.dependencies]
bitarray = ">=2.9.0,<3.0.0"

[[package]]
name = "cffi"
version = "1.17.0"
description = "Foreign Function Interface for Python calling C code."
optional = false
python-versions = ">=3.8"
files = [
    {file = "cffi-1.17.0-cp310-cp310-macosx_10_9_x86_64.whl", hash = "sha256:f9338cc05451f1942d0d8203ec2c346c830f8e86469903d5126c1f0a13a2bcbb"},
    {file = "cffi-1.17.0-cp310-cp310-macosx_11_0_arm64.whl", hash = "sha256:a0ce71725cacc9ebf839630772b07eeec220cbb5f03be1399e0457a1464f8e1a"},
    {file = "cffi-1.17.0-cp310-cp310-manylinux_2_12_i686.manylinux2010_i686.manylinux_2_17_i686.manylinux2014_i686.whl", hash = "sha256:c815270206f983309915a6844fe994b2fa47e5d05c4c4cef267c3b30e34dbe42"},
    {file = "cffi-1.17.0-cp310-cp310-manylinux_2_17_aarch64.manylinux2014_aarch64.whl", hash = "sha256:d6bdcd415ba87846fd317bee0774e412e8792832e7805938987e4ede1d13046d"},
    {file = "cffi-1.17.0-cp310-cp310-manylinux_2_17_ppc64le.manylinux2014_ppc64le.whl", hash = "sha256:8a98748ed1a1df4ee1d6f927e151ed6c1a09d5ec21684de879c7ea6aa96f58f2"},
    {file = "cffi-1.17.0-cp310-cp310-manylinux_2_17_s390x.manylinux2014_s390x.whl", hash = "sha256:0a048d4f6630113e54bb4b77e315e1ba32a5a31512c31a273807d0027a7e69ab"},
    {file = "cffi-1.17.0-cp310-cp310-manylinux_2_17_x86_64.manylinux2014_x86_64.whl", hash = "sha256:24aa705a5f5bd3a8bcfa4d123f03413de5d86e497435693b638cbffb7d5d8a1b"},
    {file = "cffi-1.17.0-cp310-cp310-musllinux_1_1_aarch64.whl", hash = "sha256:856bf0924d24e7f93b8aee12a3a1095c34085600aa805693fb7f5d1962393206"},
    {file = "cffi-1.17.0-cp310-cp310-musllinux_1_1_i686.whl", hash = "sha256:4304d4416ff032ed50ad6bb87416d802e67139e31c0bde4628f36a47a3164bfa"},
    {file = "cffi-1.17.0-cp310-cp310-musllinux_1_1_x86_64.whl", hash = "sha256:331ad15c39c9fe9186ceaf87203a9ecf5ae0ba2538c9e898e3a6967e8ad3db6f"},
    {file = "cffi-1.17.0-cp310-cp310-win32.whl", hash = "sha256:669b29a9eca6146465cc574659058ed949748f0809a2582d1f1a324eb91054dc"},
    {file = "cffi-1.17.0-cp310-cp310-win_amd64.whl", hash = "sha256:48b389b1fd5144603d61d752afd7167dfd205973a43151ae5045b35793232aa2"},
    {file = "cffi-1.17.0-cp311-cp311-macosx_10_9_x86_64.whl", hash = "sha256:c5d97162c196ce54af6700949ddf9409e9833ef1003b4741c2b39ef46f1d9720"},
    {file = "cffi-1.17.0-cp311-cp311-macosx_11_0_arm64.whl", hash = "sha256:5ba5c243f4004c750836f81606a9fcb7841f8874ad8f3bf204ff5e56332b72b9"},
    {file = "cffi-1.17.0-cp311-cp311-manylinux_2_12_i686.manylinux2010_i686.manylinux_2_17_i686.manylinux2014_i686.whl", hash = "sha256:bb9333f58fc3a2296fb1d54576138d4cf5d496a2cc118422bd77835e6ae0b9cb"},
    {file = "cffi-1.17.0-cp311-cp311-manylinux_2_17_aarch64.manylinux2014_aarch64.whl", hash = "sha256:435a22d00ec7d7ea533db494da8581b05977f9c37338c80bc86314bec2619424"},
    {file = "cffi-1.17.0-cp311-cp311-manylinux_2_17_ppc64le.manylinux2014_ppc64le.whl", hash = "sha256:d1df34588123fcc88c872f5acb6f74ae59e9d182a2707097f9e28275ec26a12d"},
    {file = "cffi-1.17.0-cp311-cp311-manylinux_2_17_s390x.manylinux2014_s390x.whl", hash = "sha256:df8bb0010fdd0a743b7542589223a2816bdde4d94bb5ad67884348fa2c1c67e8"},
    {file = "cffi-1.17.0-cp311-cp311-manylinux_2_17_x86_64.manylinux2014_x86_64.whl", hash = "sha256:a8b5b9712783415695663bd463990e2f00c6750562e6ad1d28e072a611c5f2a6"},
    {file = "cffi-1.17.0-cp311-cp311-musllinux_1_1_aarch64.whl", hash = "sha256:ffef8fd58a36fb5f1196919638f73dd3ae0db1a878982b27a9a5a176ede4ba91"},
    {file = "cffi-1.17.0-cp311-cp311-musllinux_1_1_i686.whl", hash = "sha256:4e67d26532bfd8b7f7c05d5a766d6f437b362c1bf203a3a5ce3593a645e870b8"},
    {file = "cffi-1.17.0-cp311-cp311-musllinux_1_1_x86_64.whl", hash = "sha256:45f7cd36186db767d803b1473b3c659d57a23b5fa491ad83c6d40f2af58e4dbb"},
    {file = "cffi-1.17.0-cp311-cp311-win32.whl", hash = "sha256:a9015f5b8af1bb6837a3fcb0cdf3b874fe3385ff6274e8b7925d81ccaec3c5c9"},
    {file = "cffi-1.17.0-cp311-cp311-win_amd64.whl", hash = "sha256:b50aaac7d05c2c26dfd50c3321199f019ba76bb650e346a6ef3616306eed67b0"},
    {file = "cffi-1.17.0-cp312-cp312-macosx_10_9_x86_64.whl", hash = "sha256:aec510255ce690d240f7cb23d7114f6b351c733a74c279a84def763660a2c3bc"},
    {file = "cffi-1.17.0-cp312-cp312-macosx_11_0_arm64.whl", hash = "sha256:2770bb0d5e3cc0e31e7318db06efcbcdb7b31bcb1a70086d3177692a02256f59"},
    {file = "cffi-1.17.0-cp312-cp312-manylinux_2_12_i686.manylinux2010_i686.manylinux_2_17_i686.manylinux2014_i686.whl", hash = "sha256:db9a30ec064129d605d0f1aedc93e00894b9334ec74ba9c6bdd08147434b33eb"},
    {file = "cffi-1.17.0-cp312-cp312-manylinux_2_17_aarch64.manylinux2014_aarch64.whl", hash = "sha256:a47eef975d2b8b721775a0fa286f50eab535b9d56c70a6e62842134cf7841195"},
    {file = "cffi-1.17.0-cp312-cp312-manylinux_2_17_ppc64le.manylinux2014_ppc64le.whl", hash = "sha256:f3e0992f23bbb0be00a921eae5363329253c3b86287db27092461c887b791e5e"},
    {file = "cffi-1.17.0-cp312-cp312-manylinux_2_17_s390x.manylinux2014_s390x.whl", hash = "sha256:6107e445faf057c118d5050560695e46d272e5301feffda3c41849641222a828"},
    {file = "cffi-1.17.0-cp312-cp312-manylinux_2_17_x86_64.manylinux2014_x86_64.whl", hash = "sha256:eb862356ee9391dc5a0b3cbc00f416b48c1b9a52d252d898e5b7696a5f9fe150"},
    {file = "cffi-1.17.0-cp312-cp312-musllinux_1_1_aarch64.whl", hash = "sha256:c1c13185b90bbd3f8b5963cd8ce7ad4ff441924c31e23c975cb150e27c2bf67a"},
    {file = "cffi-1.17.0-cp312-cp312-musllinux_1_1_x86_64.whl", hash = "sha256:17c6d6d3260c7f2d94f657e6872591fe8733872a86ed1345bda872cfc8c74885"},
    {file = "cffi-1.17.0-cp312-cp312-win32.whl", hash = "sha256:c3b8bd3133cd50f6b637bb4322822c94c5ce4bf0d724ed5ae70afce62187c492"},
    {file = "cffi-1.17.0-cp312-cp312-win_amd64.whl", hash = "sha256:dca802c8db0720ce1c49cce1149ff7b06e91ba15fa84b1d59144fef1a1bc7ac2"},
    {file = "cffi-1.17.0-cp313-cp313-macosx_10_13_x86_64.whl", hash = "sha256:6ce01337d23884b21c03869d2f68c5523d43174d4fc405490eb0091057943118"},
    {file = "cffi-1.17.0-cp313-cp313-macosx_11_0_arm64.whl", hash = "sha256:cab2eba3830bf4f6d91e2d6718e0e1c14a2f5ad1af68a89d24ace0c6b17cced7"},
    {file = "cffi-1.17.0-cp313-cp313-manylinux_2_12_i686.manylinux2010_i686.manylinux_2_17_i686.manylinux2014_i686.whl", hash = "sha256:14b9cbc8f7ac98a739558eb86fabc283d4d564dafed50216e7f7ee62d0d25377"},
    {file = "cffi-1.17.0-cp313-cp313-manylinux_2_17_aarch64.manylinux2014_aarch64.whl", hash = "sha256:b00e7bcd71caa0282cbe3c90966f738e2db91e64092a877c3ff7f19a1628fdcb"},
    {file = "cffi-1.17.0-cp313-cp313-manylinux_2_17_ppc64le.manylinux2014_ppc64le.whl", hash = "sha256:41f4915e09218744d8bae14759f983e466ab69b178de38066f7579892ff2a555"},
    {file = "cffi-1.17.0-cp313-cp313-manylinux_2_17_s390x.manylinux2014_s390x.whl", hash = "sha256:e4760a68cab57bfaa628938e9c2971137e05ce48e762a9cb53b76c9b569f1204"},
    {file = "cffi-1.17.0-cp313-cp313-manylinux_2_17_x86_64.manylinux2014_x86_64.whl", hash = "sha256:011aff3524d578a9412c8b3cfaa50f2c0bd78e03eb7af7aa5e0df59b158efb2f"},
    {file = "cffi-1.17.0-cp313-cp313-musllinux_1_1_aarch64.whl", hash = "sha256:a003ac9edc22d99ae1286b0875c460351f4e101f8c9d9d2576e78d7e048f64e0"},
    {file = "cffi-1.17.0-cp313-cp313-musllinux_1_1_x86_64.whl", hash = "sha256:ef9528915df81b8f4c7612b19b8628214c65c9b7f74db2e34a646a0a2a0da2d4"},
    {file = "cffi-1.17.0-cp313-cp313-win32.whl", hash = "sha256:70d2aa9fb00cf52034feac4b913181a6e10356019b18ef89bc7c12a283bf5f5a"},
    {file = "cffi-1.17.0-cp313-cp313-win_amd64.whl", hash = "sha256:b7b6ea9e36d32582cda3465f54c4b454f62f23cb083ebc7a94e2ca6ef011c3a7"},
    {file = "cffi-1.17.0-cp38-cp38-macosx_10_9_x86_64.whl", hash = "sha256:964823b2fc77b55355999ade496c54dde161c621cb1f6eac61dc30ed1b63cd4c"},
    {file = "cffi-1.17.0-cp38-cp38-manylinux_2_12_i686.manylinux2010_i686.manylinux_2_17_i686.manylinux2014_i686.whl", hash = "sha256:516a405f174fd3b88829eabfe4bb296ac602d6a0f68e0d64d5ac9456194a5b7e"},
    {file = "cffi-1.17.0-cp38-cp38-manylinux_2_17_aarch64.manylinux2014_aarch64.whl", hash = "sha256:dec6b307ce928e8e112a6bb9921a1cb00a0e14979bf28b98e084a4b8a742bd9b"},
    {file = "cffi-1.17.0-cp38-cp38-manylinux_2_17_ppc64le.manylinux2014_ppc64le.whl", hash = "sha256:e4094c7b464cf0a858e75cd14b03509e84789abf7b79f8537e6a72152109c76e"},
    {file = "cffi-1.17.0-cp38-cp38-manylinux_2_17_s390x.manylinux2014_s390x.whl", hash = "sha256:2404f3de742f47cb62d023f0ba7c5a916c9c653d5b368cc966382ae4e57da401"},
    {file = "cffi-1.17.0-cp38-cp38-manylinux_2_17_x86_64.manylinux2014_x86_64.whl", hash = "sha256:3aa9d43b02a0c681f0bfbc12d476d47b2b2b6a3f9287f11ee42989a268a1833c"},
    {file = "cffi-1.17.0-cp38-cp38-win32.whl", hash = "sha256:0bb15e7acf8ab35ca8b24b90af52c8b391690ef5c4aec3d31f38f0d37d2cc499"},
    {file = "cffi-1.17.0-cp38-cp38-win_amd64.whl", hash = "sha256:93a7350f6706b31f457c1457d3a3259ff9071a66f312ae64dc024f049055f72c"},
    {file = "cffi-1.17.0-cp39-cp39-macosx_10_9_x86_64.whl", hash = "sha256:1a2ddbac59dc3716bc79f27906c010406155031a1c801410f1bafff17ea304d2"},
    {file = "cffi-1.17.0-cp39-cp39-macosx_11_0_arm64.whl", hash = "sha256:6327b572f5770293fc062a7ec04160e89741e8552bf1c358d1a23eba68166759"},
    {file = "cffi-1.17.0-cp39-cp39-manylinux_2_12_i686.manylinux2010_i686.manylinux_2_17_i686.manylinux2014_i686.whl", hash = "sha256:dbc183e7bef690c9abe5ea67b7b60fdbca81aa8da43468287dae7b5c046107d4"},
    {file = "cffi-1.17.0-cp39-cp39-manylinux_2_17_aarch64.manylinux2014_aarch64.whl", hash = "sha256:5bdc0f1f610d067c70aa3737ed06e2726fd9d6f7bfee4a351f4c40b6831f4e82"},
    {file = "cffi-1.17.0-cp39-cp39-manylinux_2_17_ppc64le.manylinux2014_ppc64le.whl", hash = "sha256:6d872186c1617d143969defeadac5a904e6e374183e07977eedef9c07c8953bf"},
    {file = "cffi-1.17.0-cp39-cp39-manylinux_2_17_s390x.manylinux2014_s390x.whl", hash = "sha256:0d46ee4764b88b91f16661a8befc6bfb24806d885e27436fdc292ed7e6f6d058"},
    {file = "cffi-1.17.0-cp39-cp39-manylinux_2_17_x86_64.manylinux2014_x86_64.whl", hash = "sha256:6f76a90c345796c01d85e6332e81cab6d70de83b829cf1d9762d0a3da59c7932"},
    {file = "cffi-1.17.0-cp39-cp39-musllinux_1_1_aarch64.whl", hash = "sha256:0e60821d312f99d3e1569202518dddf10ae547e799d75aef3bca3a2d9e8ee693"},
    {file = "cffi-1.17.0-cp39-cp39-musllinux_1_1_i686.whl", hash = "sha256:eb09b82377233b902d4c3fbeeb7ad731cdab579c6c6fda1f763cd779139e47c3"},
    {file = "cffi-1.17.0-cp39-cp39-musllinux_1_1_x86_64.whl", hash = "sha256:24658baf6224d8f280e827f0a50c46ad819ec8ba380a42448e24459daf809cf4"},
    {file = "cffi-1.17.0-cp39-cp39-win32.whl", hash = "sha256:0fdacad9e0d9fc23e519efd5ea24a70348305e8d7d85ecbb1a5fa66dc834e7fb"},
    {file = "cffi-1.17.0-cp39-cp39-win_amd64.whl", hash = "sha256:7cbc78dc018596315d4e7841c8c3a7ae31cc4d638c9b627f87d52e8abaaf2d29"},
    {file = "cffi-1.17.0.tar.gz", hash = "sha256:f3157624b7558b914cb039fd1af735e5e8049a87c817cc215109ad1c8779df76"},
]

[package.dependencies]
pycparser = "*"

[[package]]
name = "coincurve"
version = "18.0.0"
description = "Cross-platform Python CFFI bindings for libsecp256k1"
optional = false
python-versions = ">=3.7"
files = [
    {file = "coincurve-18.0.0-cp310-cp310-macosx_10_9_x86_64.whl", hash = "sha256:0b1a42eba91b9e4f833309e94bc6a270b1700cb4567d4809ef91f00968b57925"},
    {file = "coincurve-18.0.0-cp310-cp310-macosx_11_0_arm64.whl", hash = "sha256:116bf1b60a6e72e23c6b153d7c79f0e565d82973d917a3cecf655ffb29263163"},
    {file = "coincurve-18.0.0-cp310-cp310-manylinux_2_17_aarch64.manylinux2014_aarch64.whl", hash = "sha256:d53e2a268142924c24e9b786b3e6c3603fae54bb8211560036b0e9ce6a9f2dbc"},
    {file = "coincurve-18.0.0-cp310-cp310-manylinux_2_17_x86_64.manylinux2014_x86_64.whl", hash = "sha256:0b31ab366fadff16ecfdde96ffc07e70fee83850f88bd1f985a8b4977a68bbfb"},
    {file = "coincurve-18.0.0-cp310-cp310-manylinux_2_5_i686.manylinux1_i686.manylinux_2_17_i686.manylinux2014_i686.whl", hash = "sha256:07e3c37cfadac6896668a130ea46296a3dfdeea0160fd66a51e377ad00795269"},
    {file = "coincurve-18.0.0-cp310-cp310-musllinux_1_1_aarch64.whl", hash = "sha256:f3e5f2a2d774050b3ea8bf2167f2d598fde58d7690779931516714d98b65d884"},
    {file = "coincurve-18.0.0-cp310-cp310-musllinux_1_1_i686.whl", hash = "sha256:83379dd70291480df2052554851bfd17444c003aef7c4bb02d96d73eec69fe28"},
    {file = "coincurve-18.0.0-cp310-cp310-musllinux_1_1_x86_64.whl", hash = "sha256:33678f6b43edbeab6605584c725305f4f814239780c53eba0f8e4bc4a52b1d1a"},
    {file = "coincurve-18.0.0-cp311-cp311-macosx_10_9_x86_64.whl", hash = "sha256:f40646d5f29ac9026f8cc1b368bc9ab68710fad055b64fbec020f9bbfc99b242"},
    {file = "coincurve-18.0.0-cp311-cp311-macosx_11_0_arm64.whl", hash = "sha256:779da694dea1b1d09e16b00e079f6a1195290ce9568f39c95cddf35f1f49ec49"},
    {file = "coincurve-18.0.0-cp311-cp311-manylinux_2_17_aarch64.manylinux2014_aarch64.whl", hash = "sha256:7844f01904e32317a00696a27fd771860e53a2fa62e5c66eace9337d2742c9e6"},
    {file = "coincurve-18.0.0-cp311-cp311-manylinux_2_17_x86_64.manylinux2014_x86_64.whl", hash = "sha256:257c6171cd0301c119ef41360f0d0c2fb5cc288717b33d3bd5482a4c9ae04551"},
    {file = "coincurve-18.0.0-cp311-cp311-manylinux_2_5_i686.manylinux1_i686.manylinux_2_17_i686.manylinux2014_i686.whl", hash = "sha256:f8bcb9c40fd730cf377fa448f1304355d6497fb3d00b7b0a69a10dfcc14a6d28"},
    {file = "coincurve-18.0.0-cp311-cp311-musllinux_1_1_aarch64.whl", hash = "sha256:e3abb7f65e2b5fb66a15e374faeaafe6700fdb83fb66d1873ddff91c395a3b74"},
    {file = "coincurve-18.0.0-cp311-cp311-musllinux_1_1_i686.whl", hash = "sha256:f44b9ba588b34795d1b4074f9a9fa372adef3fde58300bf32f40a69e8cd72a23"},
    {file = "coincurve-18.0.0-cp311-cp311-musllinux_1_1_x86_64.whl", hash = "sha256:908467330cd3047c71105a08394c4f3e7dce76e4371b030ba8b0ef863013e3ca"},
    {file = "coincurve-18.0.0-cp37-cp37m-macosx_10_9_x86_64.whl", hash = "sha256:599b1b3cf097cae920d97f31a5b8e8aff185ca8fa5d8a785b2edf7b199fb9731"},
    {file = "coincurve-18.0.0-cp37-cp37m-manylinux_2_17_aarch64.manylinux2014_aarch64.whl", hash = "sha256:2d2c20d108580bce5efedb980688031462168f4de2446de95898b48a249127a2"},
    {file = "coincurve-18.0.0-cp37-cp37m-manylinux_2_17_x86_64.manylinux2014_x86_64.whl", hash = "sha256:eba563f7f70c10323227d1890072172bd84df6f814c9a6b012033b214426b6cf"},
    {file = "coincurve-18.0.0-cp37-cp37m-manylinux_2_5_i686.manylinux1_i686.manylinux_2_17_i686.manylinux2014_i686.whl", hash = "sha256:412a06b7d1b8229f25318f05e76310298da5ad55d73851eabac7ddfdcdc5bff4"},
    {file = "coincurve-18.0.0-cp37-cp37m-musllinux_1_1_aarch64.whl", hash = "sha256:286969b6f789bbd9d744d28350a3630c1cb3ee045263469a28892f70a4a6654a"},
    {file = "coincurve-18.0.0-cp37-cp37m-musllinux_1_1_i686.whl", hash = "sha256:14700463009c7d799a746929728223aa53ff1ece394ea408516d98d637434883"},
    {file = "coincurve-18.0.0-cp37-cp37m-musllinux_1_1_x86_64.whl", hash = "sha256:7f1142252e870f091b2c2c21cc1fadfdd29af23d02e99f29add0f14d1ba94b4c"},
    {file = "coincurve-18.0.0-cp38-cp38-macosx_10_9_x86_64.whl", hash = "sha256:cd11d2ca5b7e989c5ce1af217a2ad78c19c21afca786f198d1b1a408d6f408dc"},
    {file = "coincurve-18.0.0-cp38-cp38-macosx_11_0_arm64.whl", hash = "sha256:1bce17d7475cee9db2c2fa7af07eaab582732b378acf6dcaee417de1df2d8661"},
    {file = "coincurve-18.0.0-cp38-cp38-manylinux_2_17_aarch64.manylinux2014_aarch64.whl", hash = "sha256:4ab662b67454fea7f0a5ae855ba6ad9410bcaebe68b97f4dade7b5944dec3a11"},
    {file = "coincurve-18.0.0-cp38-cp38-manylinux_2_17_x86_64.manylinux2014_x86_64.whl", hash = "sha256:23b9ced9cce32dabb4bc15fa6449252fa51efddf0268481973e4c3772a5a68c6"},
    {file = "coincurve-18.0.0-cp38-cp38-manylinux_2_5_i686.manylinux1_i686.manylinux_2_17_i686.manylinux2014_i686.whl", hash = "sha256:d05641cf31d68514c47cb54105d20acbae79fc3ee3942454eaaf411babb3f880"},
    {file = "coincurve-18.0.0-cp38-cp38-musllinux_1_1_aarch64.whl", hash = "sha256:a7b31efe56b3f6434828ad5f6ecde4a95747bb69b59032746482eebb8f3456a4"},
    {file = "coincurve-18.0.0-cp38-cp38-musllinux_1_1_i686.whl", hash = "sha256:2d95103ed43df855121cd925869ae2589360a8d94fcd61b236958deacfb9a359"},
    {file = "coincurve-18.0.0-cp38-cp38-musllinux_1_1_x86_64.whl", hash = "sha256:abeb4c1d78e1a81a3f1c99a406cd858669582ada2d976e876ef694f57dec95ca"},
    {file = "coincurve-18.0.0-cp39-cp39-macosx_10_9_x86_64.whl", hash = "sha256:fceca9d6ecaa1e8f891675e4f4ff530d54e41c648fc6e8a816835ffa640fa899"},
    {file = "coincurve-18.0.0-cp39-cp39-macosx_11_0_arm64.whl", hash = "sha256:e009f06287507158f16c82cc313c0f3bfd0e9ec1e82d1a4d5fa1c5b6c0060f69"},
    {file = "coincurve-18.0.0-cp39-cp39-manylinux_2_17_aarch64.manylinux2014_aarch64.whl", hash = "sha256:6a0c0c1e492ef08efe99d25a23d535e2bff667bbef43d71a6f8893ae811b3d81"},
    {file = "coincurve-18.0.0-cp39-cp39-manylinux_2_17_x86_64.manylinux2014_x86_64.whl", hash = "sha256:3caf58877bcf41eb4c1be7a2d54317f0b31541d99ba248dae28821b19c52a0db"},
    {file = "coincurve-18.0.0-cp39-cp39-manylinux_2_5_i686.manylinux1_i686.manylinux_2_17_i686.manylinux2014_i686.whl", hash = "sha256:8964e680c622a2b5eea940abdf51c77c1bd3d4fde2a04cec2420bf91981b198a"},
    {file = "coincurve-18.0.0-cp39-cp39-musllinux_1_1_aarch64.whl", hash = "sha256:73e464e0ace77c686fdc54590e5592905b6802f9fc20a0c023f0b1585669d6a3"},
    {file = "coincurve-18.0.0-cp39-cp39-musllinux_1_1_i686.whl", hash = "sha256:ba9eaddd50a2ce0d891af7cee11c2e048d1f0f44bf87db00a5c4b1eee7e3391b"},
    {file = "coincurve-18.0.0-cp39-cp39-musllinux_1_1_x86_64.whl", hash = "sha256:8290903d4629f27f9f3cdeec72ffa97536c5a6ed5ba7e3413b2707991c650fbe"},
    {file = "coincurve-18.0.0-py3-none-win32.whl", hash = "sha256:c60690bd7704d8563968d2dded33eb514875a52b5964f085409965ad041b2555"},
    {file = "coincurve-18.0.0-py3-none-win_amd64.whl", hash = "sha256:704d1abf2e78def33988368592233a8ec9b98bfc45dfa2ec9e898adfad46e5ad"},
    {file = "coincurve-18.0.0.tar.gz", hash = "sha256:c86626afe417a09d8e80e56780efcae3ae516203b23b5ade84813916e1c94fc1"},
]

[package.dependencies]
asn1crypto = "*"
cffi = ">=1.3.0"

[[package]]
name = "cryptography"
version = "41.0.7"
description = "cryptography is a package which provides cryptographic recipes and primitives to Python developers."
optional = false
python-versions = ">=3.7"
files = [
    {file = "cryptography-41.0.7-cp37-abi3-macosx_10_12_universal2.whl", hash = "sha256:3c78451b78313fa81607fa1b3f1ae0a5ddd8014c38a02d9db0616133987b9cdf"},
    {file = "cryptography-41.0.7-cp37-abi3-macosx_10_12_x86_64.whl", hash = "sha256:928258ba5d6f8ae644e764d0f996d61a8777559f72dfeb2eea7e2fe0ad6e782d"},
    {file = "cryptography-41.0.7-cp37-abi3-manylinux_2_17_aarch64.manylinux2014_aarch64.whl", hash = "sha256:5a1b41bc97f1ad230a41657d9155113c7521953869ae57ac39ac7f1bb471469a"},
    {file = "cryptography-41.0.7-cp37-abi3-manylinux_2_17_x86_64.manylinux2014_x86_64.whl", hash = "sha256:841df4caa01008bad253bce2a6f7b47f86dc9f08df4b433c404def869f590a15"},
    {file = "cryptography-41.0.7-cp37-abi3-manylinux_2_28_aarch64.whl", hash = "sha256:5429ec739a29df2e29e15d082f1d9ad683701f0ec7709ca479b3ff2708dae65a"},
    {file = "cryptography-41.0.7-cp37-abi3-manylinux_2_28_x86_64.whl", hash = "sha256:43f2552a2378b44869fe8827aa19e69512e3245a219104438692385b0ee119d1"},
    {file = "cryptography-41.0.7-cp37-abi3-musllinux_1_1_aarch64.whl", hash = "sha256:af03b32695b24d85a75d40e1ba39ffe7db7ffcb099fe507b39fd41a565f1b157"},
    {file = "cryptography-41.0.7-cp37-abi3-musllinux_1_1_x86_64.whl", hash = "sha256:49f0805fc0b2ac8d4882dd52f4a3b935b210935d500b6b805f321addc8177406"},
    {file = "cryptography-41.0.7-cp37-abi3-win32.whl", hash = "sha256:f983596065a18a2183e7f79ab3fd4c475205b839e02cbc0efbbf9666c4b3083d"},
    {file = "cryptography-41.0.7-cp37-abi3-win_amd64.whl", hash = "sha256:90452ba79b8788fa380dfb587cca692976ef4e757b194b093d845e8d99f612f2"},
    {file = "cryptography-41.0.7-pp310-pypy310_pp73-macosx_10_12_x86_64.whl", hash = "sha256:079b85658ea2f59c4f43b70f8119a52414cdb7be34da5d019a77bf96d473b960"},
    {file = "cryptography-41.0.7-pp310-pypy310_pp73-manylinux_2_28_aarch64.whl", hash = "sha256:b640981bf64a3e978a56167594a0e97db71c89a479da8e175d8bb5be5178c003"},
    {file = "cryptography-41.0.7-pp310-pypy310_pp73-manylinux_2_28_x86_64.whl", hash = "sha256:e3114da6d7f95d2dee7d3f4eec16dacff819740bbab931aff8648cb13c5ff5e7"},
    {file = "cryptography-41.0.7-pp310-pypy310_pp73-win_amd64.whl", hash = "sha256:d5ec85080cce7b0513cfd233914eb8b7bbd0633f1d1703aa28d1dd5a72f678ec"},
    {file = "cryptography-41.0.7-pp38-pypy38_pp73-macosx_10_12_x86_64.whl", hash = "sha256:7a698cb1dac82c35fcf8fe3417a3aaba97de16a01ac914b89a0889d364d2f6be"},
    {file = "cryptography-41.0.7-pp38-pypy38_pp73-manylinux_2_28_aarch64.whl", hash = "sha256:37a138589b12069efb424220bf78eac59ca68b95696fc622b6ccc1c0a197204a"},
    {file = "cryptography-41.0.7-pp38-pypy38_pp73-manylinux_2_28_x86_64.whl", hash = "sha256:68a2dec79deebc5d26d617bfdf6e8aab065a4f34934b22d3b5010df3ba36612c"},
    {file = "cryptography-41.0.7-pp38-pypy38_pp73-win_amd64.whl", hash = "sha256:09616eeaef406f99046553b8a40fbf8b1e70795a91885ba4c96a70793de5504a"},
    {file = "cryptography-41.0.7-pp39-pypy39_pp73-macosx_10_12_x86_64.whl", hash = "sha256:48a0476626da912a44cc078f9893f292f0b3e4c739caf289268168d8f4702a39"},
    {file = "cryptography-41.0.7-pp39-pypy39_pp73-manylinux_2_28_aarch64.whl", hash = "sha256:c7f3201ec47d5207841402594f1d7950879ef890c0c495052fa62f58283fde1a"},
    {file = "cryptography-41.0.7-pp39-pypy39_pp73-manylinux_2_28_x86_64.whl", hash = "sha256:c5ca78485a255e03c32b513f8c2bc39fedb7f5c5f8535545bdc223a03b24f248"},
    {file = "cryptography-41.0.7-pp39-pypy39_pp73-win_amd64.whl", hash = "sha256:d6c391c021ab1f7a82da5d8d0b3cee2f4b2c455ec86c8aebbc84837a631ff309"},
    {file = "cryptography-41.0.7.tar.gz", hash = "sha256:13f93ce9bea8016c253b34afc6bd6a75993e5c40672ed5405a9c832f0d4a00bc"},
]

[package.dependencies]
cffi = ">=1.12"

[package.extras]
docs = ["sphinx (>=5.3.0)", "sphinx-rtd-theme (>=1.1.1)"]
docstest = ["pyenchant (>=1.6.11)", "sphinxcontrib-spelling (>=4.0.1)", "twine (>=1.12.0)"]
nox = ["nox"]
pep8test = ["black", "check-sdist", "mypy", "ruff"]
sdist = ["build"]
ssh = ["bcrypt (>=3.1.5)"]
test = ["pretend", "pytest (>=6.2.0)", "pytest-benchmark", "pytest-cov", "pytest-xdist"]
test-randomorder = ["pytest-randomly"]

[[package]]
name = "pycparser"
version = "2.22"
description = "C parser in Python"
optional = false
python-versions = ">=3.8"
files = [
    {file = "pycparser-2.22-py3-none-any.whl", hash = "sha256:c3702b6d3dd8c7abc1afa565d7e63d53a1d0bd86cdc24edd75470f4de499cfcc"},
    {file = "pycparser-2.22.tar.gz", hash = "sha256:491c8be9c040f5390f5bf44a5b07752bd07f56edf992381b05c701439eec10f6"},
]

[[package]]
name = "pyln-bolt7"
version = "1.0.246"
description = "BOLT7"
optional = false
python-versions = ">=3.7,<4.0"
files = [
    {file = "pyln-bolt7-1.0.246.tar.gz", hash = "sha256:2b53744fa21c1b12d2c9c9df153651b122e38fa65d4a5c3f2957317ee148e089"},
    {file = "pyln_bolt7-1.0.246-py3-none-any.whl", hash = "sha256:54d48ec27fdc8751762cb068b0a9f2757a58fb57933c6d8f8255d02c27eb63c5"},
]

[[package]]
name = "pyln-client"
version = "24.5"
description = "Client library and plugin library for Core Lightning"
optional = false
python-versions = "<4.0,>=3.8"
files = [
    {file = "pyln_client-24.5-py3-none-any.whl", hash = "sha256:b1c7fc8644c0668472ba9cc5d45b6fe88f44bae396f624f0b1a09695011fce0d"},
    {file = "pyln_client-24.5.tar.gz", hash = "sha256:642af007f4b0ea75f7c1771b7a4563acf858e0e761023d84b7f61fef13cf3888"},
]

[package.dependencies]
pyln-bolt7 = ">=1.0"
pyln-proto = ">=23"

[[package]]
name = "pyln-proto"
version = "24.5"
description = "This package implements some of the Lightning Network protocol in pure python. It is intended for protocol testing and some minor tooling only. It is not deemed secure enough to handle any amount of real funds (you have been warned!)."
optional = false
python-versions = "<4.0,>=3.8"
files = [
    {file = "pyln_proto-24.5-py3-none-any.whl", hash = "sha256:78b9982412cfea8172dfafe217001bdf3d6ee8d585f138b8868925e47a8c54b2"},
    {file = "pyln_proto-24.5.tar.gz", hash = "sha256:b6e7a0cd5bd3905d743ec2c3ef93233271062e0abf0b7647a449ff71c0f20074"},
]

[package.dependencies]
base58 = ">=2.1.1,<3.0.0"
bitstring = ">=4.1.0,<5.0.0"
coincurve = ">=18,<19"
cryptography = ">=41,<42"
PySocks = ">=1,<2"

[[package]]
name = "pysocks"
version = "1.7.1"
description = "A Python SOCKS client module. See https://github.com/Anorov/PySocks for more information."
optional = false
python-versions = ">=2.7, !=3.0.*, !=3.1.*, !=3.2.*, !=3.3.*"
files = [
    {file = "PySocks-1.7.1-py27-none-any.whl", hash = "sha256:08e69f092cc6dbe92a0fdd16eeb9b9ffbc13cadfe5ca4c7bd92ffb078b293299"},
    {file = "PySocks-1.7.1-py3-none-any.whl", hash = "sha256:2725bd0a9925919b9b51739eea5f9e2bae91e83288108a9ad338b2e3a4435ee5"},
    {file = "PySocks-1.7.1.tar.gz", hash = "sha256:3f8804571ebe159c380ac6de37643bb4685970655d3bba243530d6558b799aa0"},
]

[metadata]
lock-version = "2.0"
python-versions = "^3.10"
content-hash = "57a14f50666d21d700286c987cd6bbc1a8d16b37f4d8f53035b83181ab0dcd5d"
